{
  "name": "test-project",
  "version": "1.0.0",
  "lockfileVersion": 3,
  "requires": true,
  "packages": {
    "": {
      "name": "test-project",
      "version": "1.0.0",
      "license": "ISC",
      "dependencies": {
        "x101-lodash-project": "^1.1.2"
      }
    },
    "node_modules/x101-lodash-project": {
      "version": "1.1.2",
      "resolved": "https://registry.npmjs.org/x101-lodash-project/-/x101-lodash-project-1.1.2.tgz",
      "integrity": "sha512-bWBIVrZ/GB+uMyfcLQboIyhJ4KS2xw5ROQ1+FQDIXAZWBB1W07dnkSeuA3zRkYv3OEvnlgvqj3ebO37YCeTatQ==",
      "license": "ISC",
      "bin": {
        "x101-lodash-project": "src/index.js"
      }
    }
  }
}
